
Microsoft Visual Studio Solution File, Format Version 12.00
# Visual Studio Version 17
VisualStudioVersion = 17.1.32210.238
MinimumVisualStudioVersion = 10.0.40219.1
Project("{FAE04EC0-301F-11D3-BF4B-00C04F79EFBC}") = "13pr", "13pr.csproj", "{A53EBA5E-DE67-499A-93F1-AA2CEB7EE2B3}"
EndProject
Global
	GlobalSection(SolutionConfigurationPlatforms) = preSolution
		Debug|Any CPU = Debug|Any CPU
		Release|Any CPU = Release|Any CPU
	EndGlobalSection
	GlobalSection(ProjectConfigurationPlatforms) = postSolution
		{A53EBA5E-DE67-499A-93F1-AA2CEB7EE2B3}.Debug|Any CPU.ActiveCfg = Debug|Any CPU
		{A53EBA5E-DE67-499A-93F1-AA2CEB7EE2B3}.Debug|Any CPU.Build.0 = Debug|Any CPU
		{A53EBA5E-DE67-499A-93F1-AA2CEB7EE2B3}.Release|Any CPU.ActiveCfg = Release|Any CPU
		{A53EBA5E-DE67-499A-93F1-AA2CEB7EE2B3}.Release|Any CPU.Build.0 = Release|Any CPU
	EndGlobalSection
	GlobalSection(SolutionProperties) = preSolution
		HideSolutionNode = FALSE
	EndGlobalSection
	GlobalSection(ExtensibilityGlobals) = postSolution
		SolutionGuid = {AB22EBEF-0C82-46C4-BC7C-E650DBB1A136}
	EndGlobalSection
EndGlobal
